// !$*UTF8*$!
{
	archiveVersion = 1;
	classes = {
	};
	objectVersion = 50;
	objects = {

/* Begin PBXBuildFile section */
		760EF5FA24EC2E8E004BA9D6 /* TestViewController.swift in Sources */ = {isa = PBXBuildFile; fileRef = 760EF5F924EC2E8E004BA9D6 /* TestViewController.swift */; };
		7622EDB424EBC0E90042A133 /* MyFriends.swift in Sources */ = {isa = PBXBuildFile; fileRef = 7622EDB324EBC0E90042A133 /* MyFriends.swift */; };
		7622EDB624EBC1030042A133 /* Trending.swift in Sources */ = {isa = PBXBuildFile; fileRef = 7622EDB524EBC1030042A133 /* Trending.swift */; };
		764CEFBA24E9A61100C1B2A9 /* SF-Pro-Rounded-Regular.ttf in Resources */ = {isa = PBXBuildFile; fileRef = 764CEFB924E9A61100C1B2A9 /* SF-Pro-Rounded-Regular.ttf */; };
		764CEFBC24E9D0CA00C1B2A9 /* Explore.swift in Sources */ = {isa = PBXBuildFile; fileRef = 764CEFBB24E9D0CA00C1B2A9 /* Explore.swift */; };
		764CEFBF24E9D63E00C1B2A9 /* ExploreCollectionViewCell.swift in Sources */ = {isa = PBXBuildFile; fileRef = 764CEFBE24E9D63E00C1B2A9 /* ExploreCollectionViewCell.swift */; };
		76D515B024E932CA00782A90 /* AppDelegate.swift in Sources */ = {isa = PBXBuildFile; fileRef = 76D515AF24E932CA00782A90 /* AppDelegate.swift */; };
		76D515B224E932CA00782A90 /* SceneDelegate.swift in Sources */ = {isa = PBXBuildFile; fileRef = 76D515B124E932CA00782A90 /* SceneDelegate.swift */; };
		76D515B424E932CA00782A90 /* HomeViewController.swift in Sources */ = {isa = PBXBuildFile; fileRef = 76D515B324E932CA00782A90 /* HomeViewController.swift */; };
		76D515B724E932CA00782A90 /* Main.storyboard in Resources */ = {isa = PBXBuildFile; fileRef = 76D515B524E932CA00782A90 /* Main.storyboard */; };
		76D515BA24E932CA00782A90 /* hopin_MVP.xcdatamodeld in Sources */ = {isa = PBXBuildFile; fileRef = 76D515B824E932CA00782A90 /* hopin_MVP.xcdatamodeld */; };
		76D515BF24E932CB00782A90 /* LaunchScreen.storyboard in Resources */ = {isa = PBXBuildFile; fileRef = 76D515BD24E932CB00782A90 /* LaunchScreen.storyboard */; };
		76D515C724E942A300782A90 /* Assets.xcassets in Resources */ = {isa = PBXBuildFile; fileRef = 76D515C624E942A300782A90 /* Assets.xcassets */; };
		76D515D124E9545000782A90 /* CustomView.swift in Sources */ = {isa = PBXBuildFile; fileRef = 76D515CC24E9545000782A90 /* CustomView.swift */; };
		76D515D224E9545000782A90 /* CustomButton.swift in Sources */ = {isa = PBXBuildFile; fileRef = 76D515CD24E9545000782A90 /* CustomButton.swift */; };
		76D515D324E9545000782A90 /* CustomColors.swift in Sources */ = {isa = PBXBuildFile; fileRef = 76D515CE24E9545000782A90 /* CustomColors.swift */; };
		76D515D424E9545000782A90 /* CustomTextField.swift in Sources */ = {isa = PBXBuildFile; fileRef = 76D515CF24E9545000782A90 /* CustomTextField.swift */; };
		76D515D524E9545000782A90 /* CustomLabel.swift in Sources */ = {isa = PBXBuildFile; fileRef = 76D515D024E9545000782A90 /* CustomLabel.swift */; };
		76D515DC24E9A1A400782A90 /* Gilroy-Medium.ttf in Resources */ = {isa = PBXBuildFile; fileRef = 76D515D724E9A1A400782A90 /* Gilroy-Medium.ttf */; };
		76D515DD24E9A1A400782A90 /* Gilroy-Bold.ttf in Resources */ = {isa = PBXBuildFile; fileRef = 76D515D824E9A1A400782A90 /* Gilroy-Bold.ttf */; };
		76D515DE24E9A1A400782A90 /* Gilroy-Light.ttf in Resources */ = {isa = PBXBuildFile; fileRef = 76D515D924E9A1A400782A90 /* Gilroy-Light.ttf */; };
		76D515DF24E9A1A400782A90 /* Gilroy-Regular.ttf in Resources */ = {isa = PBXBuildFile; fileRef = 76D515DA24E9A1A400782A90 /* Gilroy-Regular.ttf */; };
		76D515E024E9A1A400782A90 /* Gilroy-Heavy.ttf in Resources */ = {isa = PBXBuildFile; fileRef = 76D515DB24E9A1A400782A90 /* Gilroy-Heavy.ttf */; };
/* End PBXBuildFile section */

/* Begin PBXFileReference section */
		760EF5F924EC2E8E004BA9D6 /* TestViewController.swift */ = {isa = PBXFileReference; lastKnownFileType = sourcecode.swift; path = TestViewController.swift; sourceTree = "<group>"; };
		7622EDB324EBC0E90042A133 /* MyFriends.swift */ = {isa = PBXFileReference; lastKnownFileType = sourcecode.swift; path = MyFriends.swift; sourceTree = "<group>"; };
		7622EDB524EBC1030042A133 /* Trending.swift */ = {isa = PBXFileReference; lastKnownFileType = sourcecode.swift; path = Trending.swift; sourceTree = "<group>"; };
		764CEFB924E9A61100C1B2A9 /* SF-Pro-Rounded-Regular.ttf */ = {isa = PBXFileReference; lastKnownFileType = file; path = "SF-Pro-Rounded-Regular.ttf"; sourceTree = "<group>"; };
		764CEFBB24E9D0CA00C1B2A9 /* Explore.swift */ = {isa = PBXFileReference; lastKnownFileType = sourcecode.swift; path = Explore.swift; sourceTree = "<group>"; };
		764CEFBE24E9D63E00C1B2A9 /* ExploreCollectionViewCell.swift */ = {isa = PBXFileReference; lastKnownFileType = sourcecode.swift; path = ExploreCollectionViewCell.swift; sourceTree = "<group>"; };
		76D515AC24E932CA00782A90 /* hopin MVP.app */ = {isa = PBXFileReference; explicitFileType = wrapper.application; includeInIndex = 0; path = "hopin MVP.app"; sourceTree = BUILT_PRODUCTS_DIR; };
		76D515AF24E932CA00782A90 /* AppDelegate.swift */ = {isa = PBXFileReference; lastKnownFileType = sourcecode.swift; path = AppDelegate.swift; sourceTree = "<group>"; };
		76D515B124E932CA00782A90 /* SceneDelegate.swift */ = {isa = PBXFileReference; lastKnownFileType = sourcecode.swift; path = SceneDelegate.swift; sourceTree = "<group>"; };
		76D515B324E932CA00782A90 /* HomeViewController.swift */ = {isa = PBXFileReference; lastKnownFileType = sourcecode.swift; path = HomeViewController.swift; sourceTree = "<group>"; };
		76D515B624E932CA00782A90 /* Base */ = {isa = PBXFileReference; lastKnownFileType = file.storyboard; name = Base; path = Base.lproj/Main.storyboard; sourceTree = "<group>"; };
		76D515B924E932CA00782A90 /* hopin_MVP.xcdatamodel */ = {isa = PBXFileReference; lastKnownFileType = wrapper.xcdatamodel; path = hopin_MVP.xcdatamodel; sourceTree = "<group>"; };
		76D515BE24E932CB00782A90 /* Base */ = {isa = PBXFileReference; lastKnownFileType = file.storyboard; name = Base; path = Base.lproj/LaunchScreen.storyboard; sourceTree = "<group>"; };
		76D515C024E932CB00782A90 /* Info.plist */ = {isa = PBXFileReference; lastKnownFileType = text.plist.xml; path = Info.plist; sourceTree = "<group>"; };
		76D515C624E942A300782A90 /* Assets.xcassets */ = {isa = PBXFileReference; lastKnownFileType = folder.assetcatalog; path = Assets.xcassets; sourceTree = "<group>"; };
		76D515CC24E9545000782A90 /* CustomView.swift */ = {isa = PBXFileReference; fileEncoding = 4; lastKnownFileType = sourcecode.swift; path = CustomView.swift; sourceTree = "<group>"; };
		76D515CD24E9545000782A90 /* CustomButton.swift */ = {isa = PBXFileReference; fileEncoding = 4; lastKnownFileType = sourcecode.swift; path = CustomButton.swift; sourceTree = "<group>"; };
		76D515CE24E9545000782A90 /* CustomColors.swift */ = {isa = PBXFileReference; fileEncoding = 4; lastKnownFileType = sourcecode.swift; path = CustomColors.swift; sourceTree = "<group>"; };
		76D515CF24E9545000782A90 /* CustomTextField.swift */ = {isa = PBXFileReference; fileEncoding = 4; lastKnownFileType = sourcecode.swift; path = CustomTextField.swift; sourceTree = "<group>"; };
		76D515D024E9545000782A90 /* CustomLabel.swift */ = {isa = PBXFileReference; fileEncoding = 4; lastKnownFileType = sourcecode.swift; path = CustomLabel.swift; sourceTree = "<group>"; };
		76D515D724E9A1A400782A90 /* Gilroy-Medium.ttf */ = {isa = PBXFileReference; lastKnownFileType = file; path = "Gilroy-Medium.ttf"; sourceTree = "<group>"; };
		76D515D824E9A1A400782A90 /* Gilroy-Bold.ttf */ = {isa = PBXFileReference; lastKnownFileType = file; path = "Gilroy-Bold.ttf"; sourceTree = "<group>"; };
		76D515D924E9A1A400782A90 /* Gilroy-Light.ttf */ = {isa = PBXFileReference; lastKnownFileType = file; path = "Gilroy-Light.ttf"; sourceTree = "<group>"; };
		76D515DA24E9A1A400782A90 /* Gilroy-Regular.ttf */ = {isa = PBXFileReference; lastKnownFileType = file; path = "Gilroy-Regular.ttf"; sourceTree = "<group>"; };
		76D515DB24E9A1A400782A90 /* Gilroy-Heavy.ttf */ = {isa = PBXFileReference; lastKnownFileType = file; path = "Gilroy-Heavy.ttf"; sourceTree = "<group>"; };
/* End PBXFileReference section */

/* Begin PBXFrameworksBuildPhase section */
		76D515A924E932CA00782A90 /* Frameworks */ = {
			isa = PBXFrameworksBuildPhase;
			buildActionMask = 2147483647;
			files = (
			);
			runOnlyForDeploymentPostprocessing = 0;
		};
/* End PBXFrameworksBuildPhase section */

/* Begin PBXGroup section */
		7622EDB724EBC10D0042A133 /* Home */ = {
			isa = PBXGroup;
			children = (
				764CEFBB24E9D0CA00C1B2A9 /* Explore.swift */,
				7622EDB324EBC0E90042A133 /* MyFriends.swift */,
				7622EDB524EBC1030042A133 /* Trending.swift */,
			);
			path = Home;
			sourceTree = "<group>";
		};
		7622EDB824EBE0DE0042A133 /* Home */ = {
			isa = PBXGroup;
			children = (
				76D515B324E932CA00782A90 /* HomeViewController.swift */,
				764CEFBE24E9D63E00C1B2A9 /* ExploreCollectionViewCell.swift */,
			);
			path = Home;
			sourceTree = "<group>";
		};
		7622EDB924EBE0F00042A133 /* AppDelegate */ = {
			isa = PBXGroup;
			children = (
				76D515AF24E932CA00782A90 /* AppDelegate.swift */,
				76D515B124E932CA00782A90 /* SceneDelegate.swift */,
			);
			path = AppDelegate;
			sourceTree = "<group>";
		};
		764CEFBD24E9D31E00C1B2A9 /* Dummy Data */ = {
			isa = PBXGroup;
			children = (
				7622EDB724EBC10D0042A133 /* Home */,
			);
			path = "Dummy Data";
			sourceTree = "<group>";
		};
		76D515A324E932CA00782A90 = {
			isa = PBXGroup;
			children = (
				76D515AE24E932CA00782A90 /* hopin MVP */,
				76D515AD24E932CA00782A90 /* Products */,
			);
			sourceTree = "<group>";
		};
		76D515AD24E932CA00782A90 /* Products */ = {
			isa = PBXGroup;
			children = (
				76D515AC24E932CA00782A90 /* hopin MVP.app */,
			);
			name = Products;
			sourceTree = "<group>";
		};
		76D515AE24E932CA00782A90 /* hopin MVP */ = {
			isa = PBXGroup;
			children = (
				7622EDB924EBE0F00042A133 /* AppDelegate */,
				76D515D624E9A18B00782A90 /* Fonts */,
				7622EDB824EBE0DE0042A133 /* Home */,
				764CEFBD24E9D31E00C1B2A9 /* Dummy Data */,
				76D515CA24E9545000782A90 /* Views */,
				76D515C624E942A300782A90 /* Assets.xcassets */,
				76D515B524E932CA00782A90 /* Main.storyboard */,
				76D515BD24E932CB00782A90 /* LaunchScreen.storyboard */,
				76D515C024E932CB00782A90 /* Info.plist */,
				76D515B824E932CA00782A90 /* hopin_MVP.xcdatamodeld */,
				760EF5F924EC2E8E004BA9D6 /* TestViewController.swift */,
			);
			path = "hopin MVP";
			sourceTree = "<group>";
		};
		76D515CA24E9545000782A90 /* Views */ = {
			isa = PBXGroup;
			children = (
				76D515CB24E9545000782A90 /* CustomViews */,
			);
			path = Views;
			sourceTree = "<group>";
		};
		76D515CB24E9545000782A90 /* CustomViews */ = {
			isa = PBXGroup;
			children = (
				76D515CC24E9545000782A90 /* CustomView.swift */,
				76D515CD24E9545000782A90 /* CustomButton.swift */,
				76D515CE24E9545000782A90 /* CustomColors.swift */,
				76D515CF24E9545000782A90 /* CustomTextField.swift */,
				76D515D024E9545000782A90 /* CustomLabel.swift */,
			);
			path = CustomViews;
			sourceTree = "<group>";
		};
		76D515D624E9A18B00782A90 /* Fonts */ = {
			isa = PBXGroup;
			children = (
				764CEFB924E9A61100C1B2A9 /* SF-Pro-Rounded-Regular.ttf */,
				76D515D824E9A1A400782A90 /* Gilroy-Bold.ttf */,
				76D515DB24E9A1A400782A90 /* Gilroy-Heavy.ttf */,
				76D515D924E9A1A400782A90 /* Gilroy-Light.ttf */,
				76D515D724E9A1A400782A90 /* Gilroy-Medium.ttf */,
				76D515DA24E9A1A400782A90 /* Gilroy-Regular.ttf */,
			);
			path = Fonts;
			sourceTree = "<group>";
		};
/* End PBXGroup section */

/* Begin PBXNativeTarget section */
		76D515AB24E932CA00782A90 /* hopin MVP */ = {
			isa = PBXNativeTarget;
			buildConfigurationList = 76D515C324E932CB00782A90 /* Build configuration list for PBXNativeTarget "hopin MVP" */;
			buildPhases = (
				76D515A824E932CA00782A90 /* Sources */,
				76D515A924E932CA00782A90 /* Frameworks */,
				76D515AA24E932CA00782A90 /* Resources */,
			);
			buildRules = (
			);
			dependencies = (
			);
			name = "hopin MVP";
			productName = "hopin MVP";
			productReference = 76D515AC24E932CA00782A90 /* hopin MVP.app */;
			productType = "com.apple.product-type.application";
		};
/* End PBXNativeTarget section */

/* Begin PBXProject section */
		76D515A424E932CA00782A90 /* Project object */ = {
			isa = PBXProject;
			attributes = {
				LastSwiftUpdateCheck = 1200;
				LastUpgradeCheck = 1200;
				TargetAttributes = {
					76D515AB24E932CA00782A90 = {
						CreatedOnToolsVersion = 12.0;
					};
				};
			};
			buildConfigurationList = 76D515A724E932CA00782A90 /* Build configuration list for PBXProject "hopin MVP" */;
			compatibilityVersion = "Xcode 9.3";
			developmentRegion = en;
			hasScannedForEncodings = 0;
			knownRegions = (
				en,
				Base,
			);
			mainGroup = 76D515A324E932CA00782A90;
			productRefGroup = 76D515AD24E932CA00782A90 /* Products */;
			projectDirPath = "";
			projectRoot = "";
			targets = (
				76D515AB24E932CA00782A90 /* hopin MVP */,
			);
		};
/* End PBXProject section */

/* Begin PBXResourcesBuildPhase section */
		76D515AA24E932CA00782A90 /* Resources */ = {
			isa = PBXResourcesBuildPhase;
			buildActionMask = 2147483647;
			files = (
				764CEFBA24E9A61100C1B2A9 /* SF-Pro-Rounded-Regular.ttf in Resources */,
				76D515BF24E932CB00782A90 /* LaunchScreen.storyboard in Resources */,
				76D515DC24E9A1A400782A90 /* Gilroy-Medium.ttf in Resources */,
				76D515DD24E9A1A400782A90 /* Gilroy-Bold.ttf in Resources */,
				76D515DE24E9A1A400782A90 /* Gilroy-Light.ttf in Resources */,
				76D515E024E9A1A400782A90 /* Gilroy-Heavy.ttf in Resources */,
				76D515C724E942A300782A90 /* Assets.xcassets in Resources */,
				76D515DF24E9A1A400782A90 /* Gilroy-Regular.ttf in Resources */,
				76D515B724E932CA00782A90 /* Main.storyboard in Resources */,
			);
			runOnlyForDeploymentPostprocessing = 0;
		};
/* End PBXResourcesBuildPhase section */

/* Begin PBXSourcesBuildPhase section */
		76D515A824E932CA00782A90 /* Sources */ = {
			isa = PBXSourcesBuildPhase;
			buildActionMask = 2147483647;
			files = (
				760EF5FA24EC2E8E004BA9D6 /* TestViewController.swift in Sources */,
				76D515D124E9545000782A90 /* CustomView.swift in Sources */,
				76D515D524E9545000782A90 /* CustomLabel.swift in Sources */,
				76D515B424E932CA00782A90 /* HomeViewController.swift in Sources */,
				7622EDB424EBC0E90042A133 /* MyFriends.swift in Sources */,
				7622EDB624EBC1030042A133 /* Trending.swift in Sources */,
				76D515D324E9545000782A90 /* CustomColors.swift in Sources */,
				76D515D224E9545000782A90 /* CustomButton.swift in Sources */,
				76D515D424E9545000782A90 /* CustomTextField.swift in Sources */,
				76D515B024E932CA00782A90 /* AppDelegate.swift in Sources */,
				764CEFBF24E9D63E00C1B2A9 /* ExploreCollectionViewCell.swift in Sources */,
				76D515BA24E932CA00782A90 /* hopin_MVP.xcdatamodeld in Sources */,
				764CEFBC24E9D0CA00C1B2A9 /* Explore.swift in Sources */,
				76D515B224E932CA00782A90 /* SceneDelegate.swift in Sources */,
			);
			runOnlyForDeploymentPostprocessing = 0;
		};
/* End PBXSourcesBuildPhase section */

/* Begin PBXVariantGroup section */
		76D515B524E932CA00782A90 /* Main.storyboard */ = {
			isa = PBXVariantGroup;
			children = (
				76D515B624E932CA00782A90 /* Base */,
			);
			name = Main.storyboard;
			sourceTree = "<group>";
		};
		76D515BD24E932CB00782A90 /* LaunchScreen.storyboard */ = {
			isa = PBXVariantGroup;
			children = (
				76D515BE24E932CB00782A90 /* Base */,
			);
			name = LaunchScreen.storyboard;
			sourceTree = "<group>";
		};
/* End PBXVariantGroup section */

/* Begin XCBuildConfiguration section */
		76D515C124E932CB00782A90 /* Debug */ = {
			isa = XCBuildConfiguration;
			buildSettings = {
				ALWAYS_SEARCH_USER_PATHS = NO;
				CLANG_ANALYZER_NONNULL = YES;
				CLANG_ANALYZER_NUMBER_OBJECT_CONVERSION = YES_AGGRESSIVE;
				CLANG_CXX_LANGUAGE_STANDARD = "gnu++14";
				CLANG_CXX_LIBRARY = "libc++";
				CLANG_ENABLE_MODULES = YES;
				CLANG_ENABLE_OBJC_ARC = YES;
				CLANG_ENABLE_OBJC_WEAK = YES;
				CLANG_WARN_BLOCK_CAPTURE_AUTORELEASING = YES;
				CLANG_WARN_BOOL_CONVERSION = YES;
				CLANG_WARN_COMMA = YES;
				CLANG_WARN_CONSTANT_CONVERSION = YES;
				CLANG_WARN_DEPRECATED_OBJC_IMPLEMENTATIONS = YES;
				CLANG_WARN_DIRECT_OBJC_ISA_USAGE = YES_ERROR;
				CLANG_WARN_DOCUMENTATION_COMMENTS = YES;
				CLANG_WARN_EMPTY_BODY = YES;
				CLANG_WARN_ENUM_CONVERSION = YES;
				CLANG_WARN_INFINITE_RECURSION = YES;
				CLANG_WARN_INT_CONVERSION = YES;
				CLANG_WARN_NON_LITERAL_NULL_CONVERSION = YES;
				CLANG_WARN_OBJC_IMPLICIT_RETAIN_SELF = YES;
				CLANG_WARN_OBJC_LITERAL_CONVERSION = YES;
				CLANG_WARN_OBJC_ROOT_CLASS = YES_ERROR;
				CLANG_WARN_QUOTED_INCLUDE_IN_FRAMEWORK_HEADER = YES;
				CLANG_WARN_RANGE_LOOP_ANALYSIS = YES;
				CLANG_WARN_STRICT_PROTOTYPES = YES;
				CLANG_WARN_SUSPICIOUS_MOVE = YES;
				CLANG_WARN_UNGUARDED_AVAILABILITY = YES_AGGRESSIVE;
				CLANG_WARN_UNREACHABLE_CODE = YES;
				CLANG_WARN__DUPLICATE_METHOD_MATCH = YES;
				COPY_PHASE_STRIP = NO;
				DEBUG_INFORMATION_FORMAT = dwarf;
				ENABLE_STRICT_OBJC_MSGSEND = YES;
				ENABLE_TESTABILITY = YES;
				GCC_C_LANGUAGE_STANDARD = gnu11;
				GCC_DYNAMIC_NO_PIC = NO;
				GCC_NO_COMMON_BLOCKS = YES;
				GCC_OPTIMIZATION_LEVEL = 0;
				GCC_PREPROCESSOR_DEFINITIONS = (
					"DEBUG=1",
					"$(inherited)",
				);
				GCC_WARN_64_TO_32_BIT_CONVERSION = YES;
				GCC_WARN_ABOUT_RETURN_TYPE = YES_ERROR;
				GCC_WARN_UNDECLARED_SELECTOR = YES;
				GCC_WARN_UNINITIALIZED_AUTOS = YES_AGGRESSIVE;
				GCC_WARN_UNUSED_FUNCTION = YES;
				GCC_WARN_UNUSED_VARIABLE = YES;
				IPHONEOS_DEPLOYMENT_TARGET = 14.0;
				MTL_ENABLE_DEBUG_INFO = INCLUDE_SOURCE;
				MTL_FAST_MATH = YES;
				ONLY_ACTIVE_ARCH = YES;
				SDKROOT = iphoneos;
				SWIFT_ACTIVE_COMPILATION_CONDITIONS = DEBUG;
				SWIFT_OPTIMIZATION_LEVEL = "-Onone";
			};
			name = Debug;
		};
		76D515C224E932CB00782A90 /* Release */ = {
			isa = XCBuildConfiguration;
			buildSettings = {
				ALWAYS_SEARCH_USER_PATHS = NO;
				CLANG_ANALYZER_NONNULL = YES;
				CLANG_ANALYZER_NUMBER_OBJECT_CONVERSION = YES_AGGRESSIVE;
				CLANG_CXX_LANGUAGE_STANDARD = "gnu++14";
				CLANG_CXX_LIBRARY = "libc++";
				CLANG_ENABLE_MODULES = YES;
				CLANG_ENABLE_OBJC_ARC = YES;
				CLANG_ENABLE_OBJC_WEAK = YES;
				CLANG_WARN_BLOCK_CAPTURE_AUTORELEASING = YES;
				CLANG_WARN_BOOL_CONVERSION = YES;
				CLANG_WARN_COMMA = YES;
				CLANG_WARN_CONSTANT_CONVERSION = YES;
				CLANG_WARN_DEPRECATED_OBJC_IMPLEMENTATIONS = YES;
				CLANG_WARN_DIRECT_OBJC_ISA_USAGE = YES_ERROR;
				CLANG_WARN_DOCUMENTATION_COMMENTS = YES;
				CLANG_WARN_EMPTY_BODY = YES;
				CLANG_WARN_ENUM_CONVERSION = YES;
				CLANG_WARN_INFINITE_RECURSION = YES;
				CLANG_WARN_INT_CONVERSION = YES;
				CLANG_WARN_NON_LITERAL_NULL_CONVERSION = YES;
				CLANG_WARN_OBJC_IMPLICIT_RETAIN_SELF = YES;
				CLANG_WARN_OBJC_LITERAL_CONVERSION = YES;
				CLANG_WARN_OBJC_ROOT_CLASS = YES_ERROR;
				CLANG_WARN_QUOTED_INCLUDE_IN_FRAMEWORK_HEADER = YES;
				CLANG_WARN_RANGE_LOOP_ANALYSIS = YES;
				CLANG_WARN_STRICT_PROTOTYPES = YES;
				CLANG_WARN_SUSPICIOUS_MOVE = YES;
				CLANG_WARN_UNGUARDED_AVAILABILITY = YES_AGGRESSIVE;
				CLANG_WARN_UNREACHABLE_CODE = YES;
				CLANG_WARN__DUPLICATE_METHOD_MATCH = YES;
				COPY_PHASE_STRIP = NO;
				DEBUG_INFORMATION_FORMAT = "dwarf-with-dsym";
				ENABLE_NS_ASSERTIONS = NO;
				ENABLE_STRICT_OBJC_MSGSEND = YES;
				GCC_C_LANGUAGE_STANDARD = gnu11;
				GCC_NO_COMMON_BLOCKS = YES;
				GCC_WARN_64_TO_32_BIT_CONVERSION = YES;
				GCC_WARN_ABOUT_RETURN_TYPE = YES_ERROR;
				GCC_WARN_UNDECLARED_SELECTOR = YES;
				GCC_WARN_UNINITIALIZED_AUTOS = YES_AGGRESSIVE;
				GCC_WARN_UNUSED_FUNCTION = YES;
				GCC_WARN_UNUSED_VARIABLE = YES;
				IPHONEOS_DEPLOYMENT_TARGET = 14.0;
				MTL_ENABLE_DEBUG_INFO = NO;
				MTL_FAST_MATH = YES;
				SDKROOT = iphoneos;
				SWIFT_COMPILATION_MODE = wholemodule;
				SWIFT_OPTIMIZATION_LEVEL = "-O";
				VALIDATE_PRODUCT = YES;
			};
			name = Release;
		};
		76D515C424E932CB00782A90 /* Debug */ = {
			isa = XCBuildConfiguration;
			buildSettings = {
				ASSETCATALOG_COMPILER_APPICON_NAME = AppIcon;
				ASSETCATALOG_COMPILER_GLOBAL_ACCENT_COLOR_NAME = AccentColor;
				CODE_SIGN_STYLE = Automatic;
				DEVELOPMENT_TEAM = 68NL7XQ986;
				INFOPLIST_FILE = "hopin MVP/Info.plist";
				IPHONEOS_DEPLOYMENT_TARGET = 13.0;
				LD_RUNPATH_SEARCH_PATHS = (
					"$(inherited)",
					"@executable_path/Frameworks",
				);
				PRODUCT_BUNDLE_IDENTIFIER = "com.AhmedAfifi.hopin-MVP";
				PRODUCT_NAME = "$(TARGET_NAME)";
				SWIFT_VERSION = 5.0;
				TARGETED_DEVICE_FAMILY = 1;
			};
			name = Debug;
		};
		76D515C524E932CB00782A90 /* Release */ = {
			isa = XCBuildConfiguration;
			buildSettings = {
				ASSETCATALOG_COMPILER_APPICON_NAME = AppIcon;
				ASSETCATALOG_COMPILER_GLOBAL_ACCENT_COLOR_NAME = AccentColor;
				CODE_SIGN_STYLE = Automatic;
				DEVELOPMENT_TEAM = 68NL7XQ986;
				INFOPLIST_FILE = "hopin MVP/Info.plist";
				IPHONEOS_DEPLOYMENT_TARGET = 13.0;
				LD_RUNPATH_SEARCH_PATHS = (
					"$(inherited)",
					"@executable_path/Frameworks",
				);
				PRODUCT_BUNDLE_IDENTIFIER = "com.AhmedAfifi.hopin-MVP";
				PRODUCT_NAME = "$(TARGET_NAME)";
				SWIFT_VERSION = 5.0;
				TARGETED_DEVICE_FAMILY = 1;
			};
			name = Release;
		};
/* End XCBuildConfiguration section */

/* Begin XCConfigurationList section */
		76D515A724E932CA00782A90 /* Build configuration list for PBXProject "hopin MVP" */ = {
			isa = XCConfigurationList;
			buildConfigurations = (
				76D515C124E932CB00782A90 /* Debug */,
				76D515C224E932CB00782A90 /* Release */,
			);
			defaultConfigurationIsVisible = 0;
			defaultConfigurationName = Release;
		};
		76D515C324E932CB00782A90 /* Build configuration list for PBXNativeTarget "hopin MVP" */ = {
			isa = XCConfigurationList;
			buildConfigurations = (
				76D515C424E932CB00782A90 /* Debug */,
				76D515C524E932CB00782A90 /* Release */,
			);
			defaultConfigurationIsVisible = 0;
			defaultConfigurationName = Release;
		};
/* End XCConfigurationList section */

/* Begin XCVersionGroup section */
		76D515B824E932CA00782A90 /* hopin_MVP.xcdatamodeld */ = {
			isa = XCVersionGroup;
			children = (
				76D515B924E932CA00782A90 /* hopin_MVP.xcdatamodel */,
			);
			currentVersion = 76D515B924E932CA00782A90 /* hopin_MVP.xcdatamodel */;
			path = hopin_MVP.xcdatamodeld;
			sourceTree = "<group>";
			versionGroupType = wrapper.xcdatamodel;
		};
/* End XCVersionGroup section */
	};
	rootObject = 76D515A424E932CA00782A90 /* Project object */;
}
